
Microsoft Visual Studio Solution File, Format Version 12.00
# Visual Studio Version 17
VisualStudioVersion = 17.0.31903.59
MinimumVisualStudioVersion = 10.0.40219.1
Project("{2150E333-8FDC-42A3-9474-1A3956D46DE8}") = "DAW", "DAW", "{3FAC741B-21AB-4D46-B9B2-1DCF05DBB1EF}"
EndProject
Project("{2150E333-8FDC-42A3-9474-1A3956D46DE8}") = "programacion", "programacion", "{A96CE557-158D-49FA-AE86-8B0394F6253A}"
EndProject
Project("{FAE04EC0-301F-11D3-BF4B-00C04F79EFBC}") = "MiAplicacion", "DAW\programacion\MiAplicacion\MiAplicacion.csproj", "{DD93FEED-3013-41EF-BE9D-92C01EF18001}"
EndProject
Global
	GlobalSection(SolutionConfigurationPlatforms) = preSolution
		Debug|Any CPU = Debug|Any CPU
		Release|Any CPU = Release|Any CPU
	EndGlobalSection
	GlobalSection(SolutionProperties) = preSolution
		HideSolutionNode = FALSE
	EndGlobalSection
	GlobalSection(ProjectConfigurationPlatforms) = postSolution
		{DD93FEED-3013-41EF-BE9D-92C01EF18001}.Debug|Any CPU.ActiveCfg = Debug|Any CPU
		{DD93FEED-3013-41EF-BE9D-92C01EF18001}.Debug|Any CPU.Build.0 = Debug|Any CPU
		{DD93FEED-3013-41EF-BE9D-92C01EF18001}.Release|Any CPU.ActiveCfg = Release|Any CPU
		{DD93FEED-3013-41EF-BE9D-92C01EF18001}.Release|Any CPU.Build.0 = Release|Any CPU
	EndGlobalSection
	GlobalSection(NestedProjects) = preSolution
		{A96CE557-158D-49FA-AE86-8B0394F6253A} = {3FAC741B-21AB-4D46-B9B2-1DCF05DBB1EF}
		{DD93FEED-3013-41EF-BE9D-92C01EF18001} = {A96CE557-158D-49FA-AE86-8B0394F6253A}
	EndGlobalSection
EndGlobal
